
Microsoft Visual Studio Solution File, Format Version 12.00
# Visual Studio Version 16
VisualStudioVersion = 16.0.29324.140
MinimumVisualStudioVersion = 10.0.40219.1
Project("{8BC9CEB8-8B4A-11D0-8D11-00A0C91BC942}") = "Used_Book_Marketplace", "Used_Book_Marketplace\Used_Book_Marketplace.vcxproj", "{1E7F3EE6-6431-4FE2-8DCE-B56B42B34760}"
EndProject
Global
	GlobalSection(SolutionConfigurationPlatforms) = preSolution
		Debug|x64 = Debug|x64
		Debug|x86 = Debug|x86
		Release|x64 = Release|x64
		Release|x86 = Release|x86
	EndGlobalSection
	GlobalSection(ProjectConfigurationPlatforms) = postSolution
		{1E7F3EE6-6431-4FE2-8DCE-B56B42B34760}.Debug|x64.ActiveCfg = Debug|x64
		{1E7F3EE6-6431-4FE2-8DCE-B56B42B34760}.Debug|x64.Build.0 = Debug|x64
		{1E7F3EE6-6431-4FE2-8DCE-B56B42B34760}.Debug|x86.ActiveCfg = Debug|Win32
		{1E7F3EE6-6431-4FE2-8DCE-B56B42B34760}.Debug|x86.Build.0 = Debug|Win32
		{1E7F3EE6-6431-4FE2-8DCE-B56B42B34760}.Release|x64.ActiveCfg = Release|x64
		{1E7F3EE6-6431-4FE2-8DCE-B56B42B34760}.Release|x64.Build.0 = Release|x64
		{1E7F3EE6-6431-4FE2-8DCE-B56B42B34760}.Release|x86.ActiveCfg = Release|Win32
		{1E7F3EE6-6431-4FE2-8DCE-B56B42B34760}.Release|x86.Build.0 = Release|Win32
	EndGlobalSection
	GlobalSection(SolutionProperties) = preSolution
		HideSolutionNode = FALSE
	EndGlobalSection
	GlobalSection(ExtensibilityGlobals) = postSolution
		SolutionGuid = {8064D2C4-87D3-454B-943E-25E36CC1414E}
	EndGlobalSection
EndGlobal
